
Microsoft Visual Studio Solution File, Format Version 12.00
# Visual Studio 15
VisualStudioVersion = 15.0.28307.1000
MinimumVisualStudioVersion = 10.0.40219.1
Project("{FAE04EC0-301F-11D3-BF4B-00C04F79EFBC}") = "FAZM_Shows", "FAZM_Shows\FAZM_Shows.csproj", "{2A3BAC1E-A989-4018-9744-0482E8CA7512}"
EndProject
Global
	GlobalSection(SolutionConfigurationPlatforms) = preSolution
		Debug|Any CPU = Debug|Any CPU
		Release|Any CPU = Release|Any CPU
	EndGlobalSection
	GlobalSection(ProjectConfigurationPlatforms) = postSolution
		{2A3BAC1E-A989-4018-9744-0482E8CA7512}.Debug|Any CPU.ActiveCfg = Debug|Any CPU
		{2A3BAC1E-A989-4018-9744-0482E8CA7512}.Debug|Any CPU.Build.0 = Debug|Any CPU
		{2A3BAC1E-A989-4018-9744-0482E8CA7512}.Release|Any CPU.ActiveCfg = Release|Any CPU
		{2A3BAC1E-A989-4018-9744-0482E8CA7512}.Release|Any CPU.Build.0 = Release|Any CPU
	EndGlobalSection
	GlobalSection(SolutionProperties) = preSolution
		HideSolutionNode = FALSE
	EndGlobalSection
	GlobalSection(ExtensibilityGlobals) = postSolution
		SolutionGuid = {39005A72-F914-4314-B10B-DB5880107C9B}
	EndGlobalSection
EndGlobal
